// !$*UTF8*$!
{
	archiveVersion = 1;
	classes = {
	};
	objectVersion = 46;
	objects = {

/* Begin PBXBuildFile section */
		7A4D4EF818FFA23D000C8B4C /* Foundation.framework in Frameworks */ = {isa = PBXBuildFile; fileRef = 7A4D4EF718FFA23D000C8B4C /* Foundation.framework */; };
		7A4D4EFA18FFA23D000C8B4C /* CoreGraphics.framework in Frameworks */ = {isa = PBXBuildFile; fileRef = 7A4D4EF918FFA23D000C8B4C /* CoreGraphics.framework */; };
		7A4D4EFC18FFA23D000C8B4C /* UIKit.framework in Frameworks */ = {isa = PBXBuildFile; fileRef = 7A4D4EFB18FFA23D000C8B4C /* UIKit.framework */; };
		7A4D4F0218FFA23D000C8B4C /* InfoPlist.strings in Resources */ = {isa = PBXBuildFile; fileRef = 7A4D4F0018FFA23D000C8B4C /* InfoPlist.strings */; };
		7A4D4F0418FFA23D000C8B4C /* main.m in Sources */ = {isa = PBXBuildFile; fileRef = 7A4D4F0318FFA23D000C8B4C /* main.m */; };
		7A4D4F0818FFA23D000C8B4C /* DogelatorAppDelegate.m in Sources */ = {isa = PBXBuildFile; fileRef = 7A4D4F0718FFA23D000C8B4C /* DogelatorAppDelegate.m */; };
		7A4D4F0B18FFA23D000C8B4C /* Main_iPhone.storyboard in Resources */ = {isa = PBXBuildFile; fileRef = 7A4D4F0918FFA23D000C8B4C /* Main_iPhone.storyboard */; };
		7A4D4F0E18FFA23D000C8B4C /* Main_iPad.storyboard in Resources */ = {isa = PBXBuildFile; fileRef = 7A4D4F0C18FFA23D000C8B4C /* Main_iPad.storyboard */; };
		7A4D4F1118FFA23D000C8B4C /* DogelatorViewController.m in Sources */ = {isa = PBXBuildFile; fileRef = 7A4D4F1018FFA23D000C8B4C /* DogelatorViewController.m */; };
		7A4D4F1318FFA23D000C8B4C /* Images.xcassets in Resources */ = {isa = PBXBuildFile; fileRef = 7A4D4F1218FFA23D000C8B4C /* Images.xcassets */; };
		7A4D4F1A18FFA23D000C8B4C /* XCTest.framework in Frameworks */ = {isa = PBXBuildFile; fileRef = 7A4D4F1918FFA23D000C8B4C /* XCTest.framework */; };
		7A4D4F1B18FFA23D000C8B4C /* Foundation.framework in Frameworks */ = {isa = PBXBuildFile; fileRef = 7A4D4EF718FFA23D000C8B4C /* Foundation.framework */; };
		7A4D4F1C18FFA23D000C8B4C /* UIKit.framework in Frameworks */ = {isa = PBXBuildFile; fileRef = 7A4D4EFB18FFA23D000C8B4C /* UIKit.framework */; };
		7A4D4F2418FFA23D000C8B4C /* InfoPlist.strings in Resources */ = {isa = PBXBuildFile; fileRef = 7A4D4F2218FFA23D000C8B4C /* InfoPlist.strings */; };
		7A4D4F2618FFA23D000C8B4C /* DogelatorTests.m in Sources */ = {isa = PBXBuildFile; fileRef = 7A4D4F2518FFA23D000C8B4C /* DogelatorTests.m */; };
		7A4D4F3018FFA3C4000C8B4C /* shibaHead.png in Resources */ = {isa = PBXBuildFile; fileRef = 7A4D4F2F18FFA3C4000C8B4C /* shibaHead.png */; };
/* End PBXBuildFile section */

/* Begin PBXContainerItemProxy section */
		7A4D4F1D18FFA23D000C8B4C /* PBXContainerItemProxy */ = {
			isa = PBXContainerItemProxy;
			containerPortal = 7A4D4EEC18FFA23D000C8B4C /* Project object */;
			proxyType = 1;
			remoteGlobalIDString = 7A4D4EF318FFA23D000C8B4C;
			remoteInfo = Dogelator;
		};
/* End PBXContainerItemProxy section */

/* Begin PBXFileReference section */
		7A4D4EF418FFA23D000C8B4C /* Dogelator.app */ = {isa = PBXFileReference; explicitFileType = wrapper.application; includeInIndex = 0; path = Dogelator.app; sourceTree = BUILT_PRODUCTS_DIR; };
		7A4D4EF718FFA23D000C8B4C /* Foundation.framework */ = {isa = PBXFileReference; lastKnownFileType = wrapper.framework; name = Foundation.framework; path = System/Library/Frameworks/Foundation.framework; sourceTree = SDKROOT; };
		7A4D4EF918FFA23D000C8B4C /* CoreGraphics.framework */ = {isa = PBXFileReference; lastKnownFileType = wrapper.framework; name = CoreGraphics.framework; path = System/Library/Frameworks/CoreGraphics.framework; sourceTree = SDKROOT; };
		7A4D4EFB18FFA23D000C8B4C /* UIKit.framework */ = {isa = PBXFileReference; lastKnownFileType = wrapper.framework; name = UIKit.framework; path = System/Library/Frameworks/UIKit.framework; sourceTree = SDKROOT; };
		7A4D4EFF18FFA23D000C8B4C /* Dogelator-Info.plist */ = {isa = PBXFileReference; lastKnownFileType = text.plist.xml; path = "Dogelator-Info.plist"; sourceTree = "<group>"; };
		7A4D4F0118FFA23D000C8B4C /* en */ = {isa = PBXFileReference; lastKnownFileType = text.plist.strings; name = en; path = en.lproj/InfoPlist.strings; sourceTree = "<group>"; };
		7A4D4F0318FFA23D000C8B4C /* main.m */ = {isa = PBXFileReference; lastKnownFileType = sourcecode.c.objc; path = main.m; sourceTree = "<group>"; };
		7A4D4F0518FFA23D000C8B4C /* Dogelator-Prefix.pch */ = {isa = PBXFileReference; lastKnownFileType = sourcecode.c.h; path = "Dogelator-Prefix.pch"; sourceTree = "<group>"; };
		7A4D4F0618FFA23D000C8B4C /* DogelatorAppDelegate.h */ = {isa = PBXFileReference; lastKnownFileType = sourcecode.c.h; path = DogelatorAppDelegate.h; sourceTree = "<group>"; };
		7A4D4F0718FFA23D000C8B4C /* DogelatorAppDelegate.m */ = {isa = PBXFileReference; lastKnownFileType = sourcecode.c.objc; path = DogelatorAppDelegate.m; sourceTree = "<group>"; };
		7A4D4F0A18FFA23D000C8B4C /* Base */ = {isa = PBXFileReference; lastKnownFileType = file.storyboard; name = Base; path = Base.lproj/Main_iPhone.storyboard; sourceTree = "<group>"; };
		7A4D4F0D18FFA23D000C8B4C /* Base */ = {isa = PBXFileReference; lastKnownFileType = file.storyboard; name = Base; path = Base.lproj/Main_iPad.storyboard; sourceTree = "<group>"; };
		7A4D4F0F18FFA23D000C8B4C /* DogelatorViewController.h */ = {isa = PBXFileReference; lastKnownFileType = sourcecode.c.h; path = DogelatorViewController.h; sourceTree = "<group>"; };
		7A4D4F1018FFA23D000C8B4C /* DogelatorViewController.m */ = {isa = PBXFileReference; lastKnownFileType = sourcecode.c.objc; path = DogelatorViewController.m; sourceTree = "<group>"; };
		7A4D4F1218FFA23D000C8B4C /* Images.xcassets */ = {isa = PBXFileReference; lastKnownFileType = folder.assetcatalog; path = Images.xcassets; sourceTree = "<group>"; };
		7A4D4F1818FFA23D000C8B4C /* DogelatorTests.xctest */ = {isa = PBXFileReference; explicitFileType = wrapper.cfbundle; includeInIndex = 0; path = DogelatorTests.xctest; sourceTree = BUILT_PRODUCTS_DIR; };
		7A4D4F1918FFA23D000C8B4C /* XCTest.framework */ = {isa = PBXFileReference; lastKnownFileType = wrapper.framework; name = XCTest.framework; path = Library/Frameworks/XCTest.framework; sourceTree = DEVELOPER_DIR; };
		7A4D4F2118FFA23D000C8B4C /* DogelatorTests-Info.plist */ = {isa = PBXFileReference; lastKnownFileType = text.plist.xml; path = "DogelatorTests-Info.plist"; sourceTree = "<group>"; };
		7A4D4F2318FFA23D000C8B4C /* en */ = {isa = PBXFileReference; lastKnownFileType = text.plist.strings; name = en; path = en.lproj/InfoPlist.strings; sourceTree = "<group>"; };
		7A4D4F2518FFA23D000C8B4C /* DogelatorTests.m */ = {isa = PBXFileReference; lastKnownFileType = sourcecode.c.objc; path = DogelatorTests.m; sourceTree = "<group>"; };
		7A4D4F2F18FFA3C4000C8B4C /* shibaHead.png */ = {isa = PBXFileReference; lastKnownFileType = image.png; path = shibaHead.png; sourceTree = "<group>"; };
/* End PBXFileReference section */

/* Begin PBXFrameworksBuildPhase section */
		7A4D4EF118FFA23D000C8B4C /* Frameworks */ = {
			isa = PBXFrameworksBuildPhase;
			buildActionMask = 2147483647;
			files = (
				7A4D4EFA18FFA23D000C8B4C /* CoreGraphics.framework in Frameworks */,
				7A4D4EFC18FFA23D000C8B4C /* UIKit.framework in Frameworks */,
				7A4D4EF818FFA23D000C8B4C /* Foundation.framework in Frameworks */,
			);
			runOnlyForDeploymentPostprocessing = 0;
		};
		7A4D4F1518FFA23D000C8B4C /* Frameworks */ = {
			isa = PBXFrameworksBuildPhase;
			buildActionMask = 2147483647;
			files = (
				7A4D4F1A18FFA23D000C8B4C /* XCTest.framework in Frameworks */,
				7A4D4F1C18FFA23D000C8B4C /* UIKit.framework in Frameworks */,
				7A4D4F1B18FFA23D000C8B4C /* Foundation.framework in Frameworks */,
			);
			runOnlyForDeploymentPostprocessing = 0;
		};
/* End PBXFrameworksBuildPhase section */

/* Begin PBXGroup section */
		7A4D4EEB18FFA23D000C8B4C = {
			isa = PBXGroup;
			children = (
				7A4D4EFD18FFA23D000C8B4C /* Dogelator */,
				7A4D4F1F18FFA23D000C8B4C /* DogelatorTests */,
				7A4D4EF618FFA23D000C8B4C /* Frameworks */,
				7A4D4EF518FFA23D000C8B4C /* Products */,
			);
			sourceTree = "<group>";
		};
		7A4D4EF518FFA23D000C8B4C /* Products */ = {
			isa = PBXGroup;
			children = (
				7A4D4EF418FFA23D000C8B4C /* Dogelator.app */,
				7A4D4F1818FFA23D000C8B4C /* DogelatorTests.xctest */,
			);
			name = Products;
			sourceTree = "<group>";
		};
		7A4D4EF618FFA23D000C8B4C /* Frameworks */ = {
			isa = PBXGroup;
			children = (
				7A4D4EF718FFA23D000C8B4C /* Foundation.framework */,
				7A4D4EF918FFA23D000C8B4C /* CoreGraphics.framework */,
				7A4D4EFB18FFA23D000C8B4C /* UIKit.framework */,
				7A4D4F1918FFA23D000C8B4C /* XCTest.framework */,
			);
			name = Frameworks;
			sourceTree = "<group>";
		};
		7A4D4EFD18FFA23D000C8B4C /* Dogelator */ = {
			isa = PBXGroup;
			children = (
				7A4D4F0618FFA23D000C8B4C /* DogelatorAppDelegate.h */,
				7A4D4F0718FFA23D000C8B4C /* DogelatorAppDelegate.m */,
				7A4D4F0918FFA23D000C8B4C /* Main_iPhone.storyboard */,
				7A4D4F2F18FFA3C4000C8B4C /* shibaHead.png */,
				7A4D4F0C18FFA23D000C8B4C /* Main_iPad.storyboard */,
				7A4D4F0F18FFA23D000C8B4C /* DogelatorViewController.h */,
				7A4D4F1018FFA23D000C8B4C /* DogelatorViewController.m */,
				7A4D4F1218FFA23D000C8B4C /* Images.xcassets */,
				7A4D4EFE18FFA23D000C8B4C /* Supporting Files */,
			);
			path = Dogelator;
			sourceTree = "<group>";
		};
		7A4D4EFE18FFA23D000C8B4C /* Supporting Files */ = {
			isa = PBXGroup;
			children = (
				7A4D4EFF18FFA23D000C8B4C /* Dogelator-Info.plist */,
				7A4D4F0018FFA23D000C8B4C /* InfoPlist.strings */,
				7A4D4F0318FFA23D000C8B4C /* main.m */,
				7A4D4F0518FFA23D000C8B4C /* Dogelator-Prefix.pch */,
			);
			name = "Supporting Files";
			sourceTree = "<group>";
		};
		7A4D4F1F18FFA23D000C8B4C /* DogelatorTests */ = {
			isa = PBXGroup;
			children = (
				7A4D4F2518FFA23D000C8B4C /* DogelatorTests.m */,
				7A4D4F2018FFA23D000C8B4C /* Supporting Files */,
			);
			path = DogelatorTests;
			sourceTree = "<group>";
		};
		7A4D4F2018FFA23D000C8B4C /* Supporting Files */ = {
			isa = PBXGroup;
			children = (
				7A4D4F2118FFA23D000C8B4C /* DogelatorTests-Info.plist */,
				7A4D4F2218FFA23D000C8B4C /* InfoPlist.strings */,
			);
			name = "Supporting Files";
			sourceTree = "<group>";
		};
/* End PBXGroup section */

/* Begin PBXNativeTarget section */
		7A4D4EF318FFA23D000C8B4C /* Dogelator */ = {
			isa = PBXNativeTarget;
			buildConfigurationList = 7A4D4F2918FFA23D000C8B4C /* Build configuration list for PBXNativeTarget "Dogelator" */;
			buildPhases = (
				7A4D4EF018FFA23D000C8B4C /* Sources */,
				7A4D4EF118FFA23D000C8B4C /* Frameworks */,
				7A4D4EF218FFA23D000C8B4C /* Resources */,
			);
			buildRules = (
			);
			dependencies = (
			);
			name = Dogelator;
			productName = Dogelator;
			productReference = 7A4D4EF418FFA23D000C8B4C /* Dogelator.app */;
			productType = "com.apple.product-type.application";
		};
		7A4D4F1718FFA23D000C8B4C /* DogelatorTests */ = {
			isa = PBXNativeTarget;
			buildConfigurationList = 7A4D4F2C18FFA23D000C8B4C /* Build configuration list for PBXNativeTarget "DogelatorTests" */;
			buildPhases = (
				7A4D4F1418FFA23D000C8B4C /* Sources */,
				7A4D4F1518FFA23D000C8B4C /* Frameworks */,
				7A4D4F1618FFA23D000C8B4C /* Resources */,
			);
			buildRules = (
			);
			dependencies = (
				7A4D4F1E18FFA23D000C8B4C /* PBXTargetDependency */,
			);
			name = DogelatorTests;
			productName = DogelatorTests;
			productReference = 7A4D4F1818FFA23D000C8B4C /* DogelatorTests.xctest */;
			productType = "com.apple.product-type.bundle.unit-test";
		};
/* End PBXNativeTarget section */

/* Begin PBXProject section */
		7A4D4EEC18FFA23D000C8B4C /* Project object */ = {
			isa = PBXProject;
			attributes = {
				CLASSPREFIX = Dogelator;
				LastUpgradeCheck = 0510;
				ORGANIZATIONNAME = "Trent Underwood & Wilson Lee";
				TargetAttributes = {
					7A4D4F1718FFA23D000C8B4C = {
						TestTargetID = 7A4D4EF318FFA23D000C8B4C;
					};
				};
			};
			buildConfigurationList = 7A4D4EEF18FFA23D000C8B4C /* Build configuration list for PBXProject "Dogelator" */;
			compatibilityVersion = "Xcode 3.2";
			developmentRegion = English;
			hasScannedForEncodings = 0;
			knownRegions = (
				en,
				Base,
			);
			mainGroup = 7A4D4EEB18FFA23D000C8B4C;
			productRefGroup = 7A4D4EF518FFA23D000C8B4C /* Products */;
			projectDirPath = "";
			projectRoot = "";
			targets = (
				7A4D4EF318FFA23D000C8B4C /* Dogelator */,
				7A4D4F1718FFA23D000C8B4C /* DogelatorTests */,
			);
		};
/* End PBXProject section */

/* Begin PBXResourcesBuildPhase section */
		7A4D4EF218FFA23D000C8B4C /* Resources */ = {
			isa = PBXResourcesBuildPhase;
			buildActionMask = 2147483647;
			files = (
				7A4D4F0E18FFA23D000C8B4C /* Main_iPad.storyboard in Resources */,
				7A4D4F3018FFA3C4000C8B4C /* shibaHead.png in Resources */,
				7A4D4F1318FFA23D000C8B4C /* Images.xcassets in Resources */,
				7A4D4F0B18FFA23D000C8B4C /* Main_iPhone.storyboard in Resources */,
				7A4D4F0218FFA23D000C8B4C /* InfoPlist.strings in Resources */,
			);
			runOnlyForDeploymentPostprocessing = 0;
		};
		7A4D4F1618FFA23D000C8B4C /* Resources */ = {
			isa = PBXResourcesBuildPhase;
			buildActionMask = 2147483647;
			files = (
				7A4D4F2418FFA23D000C8B4C /* InfoPlist.strings in Resources */,
			);
			runOnlyForDeploymentPostprocessing = 0;
		};
/* End PBXResourcesBuildPhase section */

/* Begin PBXSourcesBuildPhase section */
		7A4D4EF018FFA23D000C8B4C /* Sources */ = {
			isa = PBXSourcesBuildPhase;
			buildActionMask = 2147483647;
			files = (
				7A4D4F0818FFA23D000C8B4C /* DogelatorAppDelegate.m in Sources */,
				7A4D4F0418FFA23D000C8B4C /* main.m in Sources */,
				7A4D4F1118FFA23D000C8B4C /* DogelatorViewController.m in Sources */,
			);
			runOnlyForDeploymentPostprocessing = 0;
		};
		7A4D4F1418FFA23D000C8B4C /* Sources */ = {
			isa = PBXSourcesBuildPhase;
			buildActionMask = 2147483647;
			files = (
				7A4D4F2618FFA23D000C8B4C /* DogelatorTests.m in Sources */,
			);
			runOnlyForDeploymentPostprocessing = 0;
		};
/* End PBXSourcesBuildPhase section */

/* Begin PBXTargetDependency section */
		7A4D4F1E18FFA23D000C8B4C /* PBXTargetDependency */ = {
			isa = PBXTargetDependency;
			target = 7A4D4EF318FFA23D000C8B4C /* Dogelator */;
			targetProxy = 7A4D4F1D18FFA23D000C8B4C /* PBXContainerItemProxy */;
		};
/* End PBXTargetDependency section */

/* Begin PBXVariantGroup section */
		7A4D4F0018FFA23D000C8B4C /* InfoPlist.strings */ = {
			isa = PBXVariantGroup;
			children = (
				7A4D4F0118FFA23D000C8B4C /* en */,
			);
			name = InfoPlist.strings;
			sourceTree = "<group>";
		};
		7A4D4F0918FFA23D000C8B4C /* Main_iPhone.storyboard */ = {
			isa = PBXVariantGroup;
			children = (
				7A4D4F0A18FFA23D000C8B4C /* Base */,
			);
			name = Main_iPhone.storyboard;
			sourceTree = "<group>";
		};
		7A4D4F0C18FFA23D000C8B4C /* Main_iPad.storyboard */ = {
			isa = PBXVariantGroup;
			children = (
				7A4D4F0D18FFA23D000C8B4C /* Base */,
			);
			name = Main_iPad.storyboard;
			sourceTree = "<group>";
		};
		7A4D4F2218FFA23D000C8B4C /* InfoPlist.strings */ = {
			isa = PBXVariantGroup;
			children = (
				7A4D4F2318FFA23D000C8B4C /* en */,
			);
			name = InfoPlist.strings;
			sourceTree = "<group>";
		};
/* End PBXVariantGroup section */

/* Begin XCBuildConfiguration section */
		7A4D4F2718FFA23D000C8B4C /* Debug */ = {
			isa = XCBuildConfiguration;
			buildSettings = {
				ALWAYS_SEARCH_USER_PATHS = NO;
				CLANG_CXX_LANGUAGE_STANDARD = "gnu++0x";
				CLANG_CXX_LIBRARY = "libc++";
				CLANG_ENABLE_MODULES = YES;
				CLANG_ENABLE_OBJC_ARC = YES;
				CLANG_WARN_BOOL_CONVERSION = YES;
				CLANG_WARN_CONSTANT_CONVERSION = YES;
				CLANG_WARN_DIRECT_OBJC_ISA_USAGE = YES_ERROR;
				CLANG_WARN_EMPTY_BODY = YES;
				CLANG_WARN_ENUM_CONVERSION = YES;
				CLANG_WARN_INT_CONVERSION = YES;
				CLANG_WARN_OBJC_ROOT_CLASS = YES_ERROR;
				CLANG_WARN__DUPLICATE_METHOD_MATCH = YES;
				"CODE_SIGN_IDENTITY[sdk=iphoneos*]" = "iPhone Developer";
				COPY_PHASE_STRIP = NO;
				GCC_C_LANGUAGE_STANDARD = gnu99;
				GCC_DYNAMIC_NO_PIC = NO;
				GCC_OPTIMIZATION_LEVEL = 0;
				GCC_PREPROCESSOR_DEFINITIONS = (
					"DEBUG=1",
					"$(inherited)",
				);
				GCC_SYMBOLS_PRIVATE_EXTERN = NO;
				GCC_WARN_64_TO_32_BIT_CONVERSION = YES;
				GCC_WARN_ABOUT_RETURN_TYPE = YES_ERROR;
				GCC_WARN_UNDECLARED_SELECTOR = YES;
				GCC_WARN_UNINITIALIZED_AUTOS = YES_AGGRESSIVE;
				GCC_WARN_UNUSED_FUNCTION = YES;
				GCC_WARN_UNUSED_VARIABLE = YES;
				IPHONEOS_DEPLOYMENT_TARGET = 7.1;
				ONLY_ACTIVE_ARCH = YES;
				SDKROOT = iphoneos;
				TARGETED_DEVICE_FAMILY = "1,2";
			};
			name = Debug;
		};
		7A4D4F2818FFA23D000C8B4C /* Release */ = {
			isa = XCBuildConfiguration;
			buildSettings = {
				ALWAYS_SEARCH_USER_PATHS = NO;
				CLANG_CXX_LANGUAGE_STANDARD = "gnu++0x";
				CLANG_CXX_LIBRARY = "libc++";
				CLANG_ENABLE_MODULES = YES;
				CLANG_ENABLE_OBJC_ARC = YES;
				CLANG_WARN_BOOL_CONVERSION = YES;
				CLANG_WARN_CONSTANT_CONVERSION = YES;
				CLANG_WARN_DIRECT_OBJC_ISA_USAGE = YES_ERROR;
				CLANG_WARN_EMPTY_BODY = YES;
				CLANG_WARN_ENUM_CONVERSION = YES;
				CLANG_WARN_INT_CONVERSION = YES;
				CLANG_WARN_OBJC_ROOT_CLASS = YES_ERROR;
				CLANG_WARN__DUPLICATE_METHOD_MATCH = YES;
				"CODE_SIGN_IDENTITY[sdk=iphoneos*]" = "iPhone Developer";
				COPY_PHASE_STRIP = YES;
				ENABLE_NS_ASSERTIONS = NO;
				GCC_C_LANGUAGE_STANDARD = gnu99;
				GCC_WARN_64_TO_32_BIT_CONVERSION = YES;
				GCC_WARN_ABOUT_RETURN_TYPE = YES_ERROR;
				GCC_WARN_UNDECLARED_SELECTOR = YES;
				GCC_WARN_UNINITIALIZED_AUTOS = YES_AGGRESSIVE;
				GCC_WARN_UNUSED_FUNCTION = YES;
				GCC_WARN_UNUSED_VARIABLE = YES;
				IPHONEOS_DEPLOYMENT_TARGET = 7.1;
				SDKROOT = iphoneos;
				TARGETED_DEVICE_FAMILY = "1,2";
				VALIDATE_PRODUCT = YES;
			};
			name = Release;
		};
		7A4D4F2A18FFA23D000C8B4C /* Debug */ = {
			isa = XCBuildConfiguration;
			buildSettings = {
				ASSETCATALOG_COMPILER_APPICON_NAME = AppIcon;
				ASSETCATALOG_COMPILER_LAUNCHIMAGE_NAME = LaunchImage;
				GCC_PRECOMPILE_PREFIX_HEADER = YES;
				GCC_PREFIX_HEADER = "Dogelator/Dogelator-Prefix.pch";
				INFOPLIST_FILE = "Dogelator/Dogelator-Info.plist";
				PRODUCT_NAME = "$(TARGET_NAME)";
				WRAPPER_EXTENSION = app;
			};
			name = Debug;
		};
		7A4D4F2B18FFA23D000C8B4C /* Release */ = {
			isa = XCBuildConfiguration;
			buildSettings = {
				ASSETCATALOG_COMPILER_APPICON_NAME = AppIcon;
				ASSETCATALOG_COMPILER_LAUNCHIMAGE_NAME = LaunchImage;
				GCC_PRECOMPILE_PREFIX_HEADER = YES;
				GCC_PREFIX_HEADER = "Dogelator/Dogelator-Prefix.pch";
				INFOPLIST_FILE = "Dogelator/Dogelator-Info.plist";
				PRODUCT_NAME = "$(TARGET_NAME)";
				WRAPPER_EXTENSION = app;
			};
			name = Release;
		};
		7A4D4F2D18FFA23D000C8B4C /* Debug */ = {
			isa = XCBuildConfiguration;
			buildSettings = {
				BUNDLE_LOADER = "$(BUILT_PRODUCTS_DIR)/Dogelator.app/Dogelator";
				FRAMEWORK_SEARCH_PATHS = (
					"$(SDKROOT)/Developer/Library/Frameworks",
					"$(inherited)",
					"$(DEVELOPER_FRAMEWORKS_DIR)",
				);
				GCC_PRECOMPILE_PREFIX_HEADER = YES;
				GCC_PREFIX_HEADER = "Dogelator/Dogelator-Prefix.pch";
				GCC_PREPROCESSOR_DEFINITIONS = (
					"DEBUG=1",
					"$(inherited)",
				);
				INFOPLIST_FILE = "DogelatorTests/DogelatorTests-Info.plist";
				PRODUCT_NAME = "$(TARGET_NAME)";
				TEST_HOST = "$(BUNDLE_LOADER)";
				WRAPPER_EXTENSION = xctest;
			};
			name = Debug;
		};
		7A4D4F2E18FFA23D000C8B4C /* Release */ = {
			isa = XCBuildConfiguration;
			buildSettings = {
				BUNDLE_LOADER = "$(BUILT_PRODUCTS_DIR)/Dogelator.app/Dogelator";
				FRAMEWORK_SEARCH_PATHS = (
					"$(SDKROOT)/Developer/Library/Frameworks",
					"$(inherited)",
					"$(DEVELOPER_FRAMEWORKS_DIR)",
				);
				GCC_PRECOMPILE_PREFIX_HEADER = YES;
				GCC_PREFIX_HEADER = "Dogelator/Dogelator-Prefix.pch";
				INFOPLIST_FILE = "DogelatorTests/DogelatorTests-Info.plist";
				PRODUCT_NAME = "$(TARGET_NAME)";
				TEST_HOST = "$(BUNDLE_LOADER)";
				WRAPPER_EXTENSION = xctest;
			};
			name = Release;
		};
/* End XCBuildConfiguration section */

/* Begin XCConfigurationList section */
		7A4D4EEF18FFA23D000C8B4C /* Build configuration list for PBXProject "Dogelator" */ = {
			isa = XCConfigurationList;
			buildConfigurations = (
				7A4D4F2718FFA23D000C8B4C /* Debug */,
				7A4D4F2818FFA23D000C8B4C /* Release */,
			);
			defaultConfigurationIsVisible = 0;
			defaultConfigurationName = Release;
		};
		7A4D4F2918FFA23D000C8B4C /* Build configuration list for PBXNativeTarget "Dogelator" */ = {
			isa = XCConfigurationList;
			buildConfigurations = (
				7A4D4F2A18FFA23D000C8B4C /* Debug */,
				7A4D4F2B18FFA23D000C8B4C /* Release */,
			);
			defaultConfigurationIsVisible = 0;
		};
		7A4D4F2C18FFA23D000C8B4C /* Build configuration list for PBXNativeTarget "DogelatorTests" */ = {
			isa = XCConfigurationList;
			buildConfigurations = (
				7A4D4F2D18FFA23D000C8B4C /* Debug */,
				7A4D4F2E18FFA23D000C8B4C /* Release */,
			);
			defaultConfigurationIsVisible = 0;
		};
/* End XCConfigurationList section */
	};
	rootObject = 7A4D4EEC18FFA23D000C8B4C /* Project object */;
}
